
Microsoft Visual Studio Solution File, Format Version 12.00
# Visual Studio Version 17
VisualStudioVersion = 17.4.33103.184
MinimumVisualStudioVersion = 10.0.40219.1
Project("{9A19103F-16F7-4668-BE54-9A1E7A4F7556}") = "AdventOfCode", "AdventOfCode.csproj", "{70E011D7-2F11-4378-A08A-60D758213AE1}"
EndProject
Project("{2150E333-8FDC-42A3-9474-1A3956D46DE8}") = ".root", ".root", "{F780F53F-0C46-46F1-A8FD-DCDE38D684B9}"
	ProjectSection(SolutionItems) = preProject
		.editorconfig = .editorconfig
		.gitignore = .gitignore
		Directory.Build.props = Directory.Build.props
	EndProjectSection
EndProject
Project("{9A19103F-16F7-4668-BE54-9A1E7A4F7556}") = "AdventOfCode.Common", "AdventOfCode.Common\AdventOfCode.Common.csproj", "{79F64287-FFB6-476A-AF60-33B541349357}"
EndProject
Global
	GlobalSection(SolutionConfigurationPlatforms) = preSolution
		Debug|Any CPU = Debug|Any CPU
		Release|Any CPU = Release|Any CPU
	EndGlobalSection
	GlobalSection(ProjectConfigurationPlatforms) = postSolution
		{70E011D7-2F11-4378-A08A-60D758213AE1}.Debug|Any CPU.ActiveCfg = Debug|Any CPU
		{70E011D7-2F11-4378-A08A-60D758213AE1}.Debug|Any CPU.Build.0 = Debug|Any CPU
		{70E011D7-2F11-4378-A08A-60D758213AE1}.Release|Any CPU.ActiveCfg = Release|Any CPU
		{70E011D7-2F11-4378-A08A-60D758213AE1}.Release|Any CPU.Build.0 = Release|Any CPU
		{79F64287-FFB6-476A-AF60-33B541349357}.Debug|Any CPU.ActiveCfg = Debug|Any CPU
		{79F64287-FFB6-476A-AF60-33B541349357}.Debug|Any CPU.Build.0 = Debug|Any CPU
		{79F64287-FFB6-476A-AF60-33B541349357}.Release|Any CPU.ActiveCfg = Release|Any CPU
		{79F64287-FFB6-476A-AF60-33B541349357}.Release|Any CPU.Build.0 = Release|Any CPU
	EndGlobalSection
	GlobalSection(SolutionProperties) = preSolution
		HideSolutionNode = FALSE
	EndGlobalSection
	GlobalSection(ExtensibilityGlobals) = postSolution
		SolutionGuid = {0B9C66C6-AAC0-4A9B-B904-1A99AB8C404C}
	EndGlobalSection
EndGlobal
