
Microsoft Visual Studio Solution File, Format Version 12.00
# Visual Studio Version 17
VisualStudioVersion = 17.4.33103.184
MinimumVisualStudioVersion = 10.0.40219.1
Project("{2150E333-8FDC-42A3-9474-1A3956D46DE8}") = ".root", ".root", "{F780F53F-0C46-46F1-A8FD-DCDE38D684B9}"
	ProjectSection(SolutionItems) = preProject
		.editorconfig = .editorconfig
		.gitignore = .gitignore
		Directory.Build.props = Directory.Build.props
		Directory.Packages.props = Directory.Packages.props
	EndProjectSection
EndProject
Project("{9A19103F-16F7-4668-BE54-9A1E7A4F7556}") = "AdventOfCode.Common", "AdventOfCode.Common\AdventOfCode.Common.csproj", "{79F64287-FFB6-476A-AF60-33B541349357}"
EndProject
Project("{9A19103F-16F7-4668-BE54-9A1E7A4F7556}") = "AdventOfCode.Puzzles.2022", "AdventOfCode.Puzzles\2022\AdventOfCode.Puzzles.2022.csproj", "{A4635E90-F238-45EC-B75E-A59C4490A575}"
EndProject
Project("{9A19103F-16F7-4668-BE54-9A1E7A4F7556}") = "AdventOfCode.Runner", "AdventOfCode.Runner\AdventOfCode.Runner.csproj", "{49A121B7-6E87-49E4-B47C-E657F42271B8}"
EndProject
Project("{9A19103F-16F7-4668-BE54-9A1E7A4F7556}") = "AdventOfCode.Puzzles.2021", "AdventOfCode.Puzzles\2021\AdventOfCode.Puzzles.2021.csproj", "{95B73323-8318-4BC9-BA48-D2CD9EE45E14}"
EndProject
Project("{9A19103F-16F7-4668-BE54-9A1E7A4F7556}") = "AdventOfCode.Puzzles.2020", "AdventOfCode.Puzzles\2020\AdventOfCode.Puzzles.2020.csproj", "{8C2E6BED-EDF3-411F-B7F1-7A45734A6686}"
EndProject
Project("{9A19103F-16F7-4668-BE54-9A1E7A4F7556}") = "AdventOfCode.Puzzles.2019", "AdventOfCode.Puzzles\2019\AdventOfCode.Puzzles.2019.csproj", "{13B4704D-6544-4A63-AF23-F2B71430E7B5}"
EndProject
Project("{9A19103F-16F7-4668-BE54-9A1E7A4F7556}") = "AdventOfCode.Puzzles.2018", "AdventOfCode.Puzzles\2018\AdventOfCode.Puzzles.2018.csproj", "{7204AE9C-01DA-452B-9842-B90747079721}"
EndProject
Project("{9A19103F-16F7-4668-BE54-9A1E7A4F7556}") = "AdventOfCode.Puzzles.2015", "AdventOfCode.Puzzles\2015\AdventOfCode.Puzzles.2015.csproj", "{B71E17D2-C0C9-4D9A-BF2C-DE932D8499B6}"
EndProject
Project("{9A19103F-16F7-4668-BE54-9A1E7A4F7556}") = "AdventOfCode.Puzzles.2016", "AdventOfCode.Puzzles\2016\AdventOfCode.Puzzles.2016.csproj", "{B2045677-4E1A-4A25-93BD-B07CE97877CA}"
EndProject
Project("{9A19103F-16F7-4668-BE54-9A1E7A4F7556}") = "AdventOfCode.Puzzles.2017", "AdventOfCode.Puzzles\2017\AdventOfCode.Puzzles.2017.csproj", "{1F632E4F-E56C-4A8C-B01B-43371674B313}"
EndProject
Project("{9A19103F-16F7-4668-BE54-9A1E7A4F7556}") = "AdventOfCode.Puzzles.2023", "AdventOfCode.Puzzles\2023\AdventOfCode.Puzzles.2023.csproj", "{CB6F7DB7-A121-4166-9120-29FC8C0D37C8}"
EndProject
Project("{FAE04EC0-301F-11D3-BF4B-00C04F79EFBC}") = "AdventOfCode.Puzzles.2024", "AdventOfCode.Puzzles\2024\AdventOfCode.Puzzles.2024.csproj", "{7B22D541-8789-4633-9EF8-DB84B65E42E5}"
EndProject
Global
	GlobalSection(SolutionConfigurationPlatforms) = preSolution
		Debug|Any CPU = Debug|Any CPU
		Release|Any CPU = Release|Any CPU
	EndGlobalSection
	GlobalSection(ProjectConfigurationPlatforms) = postSolution
		{79F64287-FFB6-476A-AF60-33B541349357}.Debug|Any CPU.ActiveCfg = Debug|Any CPU
		{79F64287-FFB6-476A-AF60-33B541349357}.Debug|Any CPU.Build.0 = Debug|Any CPU
		{79F64287-FFB6-476A-AF60-33B541349357}.Release|Any CPU.ActiveCfg = Release|Any CPU
		{79F64287-FFB6-476A-AF60-33B541349357}.Release|Any CPU.Build.0 = Release|Any CPU
		{A4635E90-F238-45EC-B75E-A59C4490A575}.Debug|Any CPU.ActiveCfg = Debug|Any CPU
		{A4635E90-F238-45EC-B75E-A59C4490A575}.Debug|Any CPU.Build.0 = Debug|Any CPU
		{A4635E90-F238-45EC-B75E-A59C4490A575}.Release|Any CPU.ActiveCfg = Release|Any CPU
		{A4635E90-F238-45EC-B75E-A59C4490A575}.Release|Any CPU.Build.0 = Release|Any CPU
		{49A121B7-6E87-49E4-B47C-E657F42271B8}.Debug|Any CPU.ActiveCfg = Debug|Any CPU
		{49A121B7-6E87-49E4-B47C-E657F42271B8}.Debug|Any CPU.Build.0 = Debug|Any CPU
		{49A121B7-6E87-49E4-B47C-E657F42271B8}.Release|Any CPU.ActiveCfg = Release|Any CPU
		{49A121B7-6E87-49E4-B47C-E657F42271B8}.Release|Any CPU.Build.0 = Release|Any CPU
		{95B73323-8318-4BC9-BA48-D2CD9EE45E14}.Debug|Any CPU.ActiveCfg = Debug|Any CPU
		{95B73323-8318-4BC9-BA48-D2CD9EE45E14}.Debug|Any CPU.Build.0 = Debug|Any CPU
		{95B73323-8318-4BC9-BA48-D2CD9EE45E14}.Release|Any CPU.ActiveCfg = Release|Any CPU
		{95B73323-8318-4BC9-BA48-D2CD9EE45E14}.Release|Any CPU.Build.0 = Release|Any CPU
		{8C2E6BED-EDF3-411F-B7F1-7A45734A6686}.Debug|Any CPU.ActiveCfg = Debug|Any CPU
		{8C2E6BED-EDF3-411F-B7F1-7A45734A6686}.Debug|Any CPU.Build.0 = Debug|Any CPU
		{8C2E6BED-EDF3-411F-B7F1-7A45734A6686}.Release|Any CPU.ActiveCfg = Release|Any CPU
		{8C2E6BED-EDF3-411F-B7F1-7A45734A6686}.Release|Any CPU.Build.0 = Release|Any CPU
		{13B4704D-6544-4A63-AF23-F2B71430E7B5}.Debug|Any CPU.ActiveCfg = Debug|Any CPU
		{13B4704D-6544-4A63-AF23-F2B71430E7B5}.Debug|Any CPU.Build.0 = Debug|Any CPU
		{13B4704D-6544-4A63-AF23-F2B71430E7B5}.Release|Any CPU.ActiveCfg = Release|Any CPU
		{13B4704D-6544-4A63-AF23-F2B71430E7B5}.Release|Any CPU.Build.0 = Release|Any CPU
		{7204AE9C-01DA-452B-9842-B90747079721}.Debug|Any CPU.ActiveCfg = Debug|Any CPU
		{7204AE9C-01DA-452B-9842-B90747079721}.Debug|Any CPU.Build.0 = Debug|Any CPU
		{7204AE9C-01DA-452B-9842-B90747079721}.Release|Any CPU.ActiveCfg = Release|Any CPU
		{7204AE9C-01DA-452B-9842-B90747079721}.Release|Any CPU.Build.0 = Release|Any CPU
		{B71E17D2-C0C9-4D9A-BF2C-DE932D8499B6}.Debug|Any CPU.ActiveCfg = Debug|Any CPU
		{B71E17D2-C0C9-4D9A-BF2C-DE932D8499B6}.Debug|Any CPU.Build.0 = Debug|Any CPU
		{B71E17D2-C0C9-4D9A-BF2C-DE932D8499B6}.Release|Any CPU.ActiveCfg = Release|Any CPU
		{B71E17D2-C0C9-4D9A-BF2C-DE932D8499B6}.Release|Any CPU.Build.0 = Release|Any CPU
		{B2045677-4E1A-4A25-93BD-B07CE97877CA}.Debug|Any CPU.ActiveCfg = Debug|Any CPU
		{B2045677-4E1A-4A25-93BD-B07CE97877CA}.Debug|Any CPU.Build.0 = Debug|Any CPU
		{B2045677-4E1A-4A25-93BD-B07CE97877CA}.Release|Any CPU.ActiveCfg = Release|Any CPU
		{B2045677-4E1A-4A25-93BD-B07CE97877CA}.Release|Any CPU.Build.0 = Release|Any CPU
		{1F632E4F-E56C-4A8C-B01B-43371674B313}.Debug|Any CPU.ActiveCfg = Debug|Any CPU
		{1F632E4F-E56C-4A8C-B01B-43371674B313}.Debug|Any CPU.Build.0 = Debug|Any CPU
		{1F632E4F-E56C-4A8C-B01B-43371674B313}.Release|Any CPU.ActiveCfg = Release|Any CPU
		{1F632E4F-E56C-4A8C-B01B-43371674B313}.Release|Any CPU.Build.0 = Release|Any CPU
		{CB6F7DB7-A121-4166-9120-29FC8C0D37C8}.Debug|Any CPU.ActiveCfg = Debug|Any CPU
		{CB6F7DB7-A121-4166-9120-29FC8C0D37C8}.Debug|Any CPU.Build.0 = Debug|Any CPU
		{CB6F7DB7-A121-4166-9120-29FC8C0D37C8}.Release|Any CPU.ActiveCfg = Release|Any CPU
		{CB6F7DB7-A121-4166-9120-29FC8C0D37C8}.Release|Any CPU.Build.0 = Release|Any CPU
		{7B22D541-8789-4633-9EF8-DB84B65E42E5}.Debug|Any CPU.ActiveCfg = Debug|Any CPU
		{7B22D541-8789-4633-9EF8-DB84B65E42E5}.Debug|Any CPU.Build.0 = Debug|Any CPU
		{7B22D541-8789-4633-9EF8-DB84B65E42E5}.Release|Any CPU.ActiveCfg = Release|Any CPU
		{7B22D541-8789-4633-9EF8-DB84B65E42E5}.Release|Any CPU.Build.0 = Release|Any CPU
	EndGlobalSection
	GlobalSection(SolutionProperties) = preSolution
		HideSolutionNode = FALSE
	EndGlobalSection
	GlobalSection(ExtensibilityGlobals) = postSolution
		SolutionGuid = {0B9C66C6-AAC0-4A9B-B904-1A99AB8C404C}
	EndGlobalSection
EndGlobal
